
Microsoft Visual Studio Solution File, Format Version 12.00
# Visual Studio Version 17
VisualStudioVersion = 17.8.34309.116
MinimumVisualStudioVersion = 10.0.40219.1
Project("{9A19103F-16F7-4668-BE54-9A1E7A4F7556}") = "UserTestingApp.WebAPI", "src\UserTestingApp.WebAPI\UserTestingApp.WebAPI.csproj", "{E5E434F0-3C60-491E-8587-B31DE85D4128}"
EndProject
Project("{9A19103F-16F7-4668-BE54-9A1E7A4F7556}") = "UserTestingApp.Common", "src\UserTestingApp.Common\UserTestingApp.Common.csproj", "{84FC0A55-4AEB-4094-8F7E-A46988D08802}"
EndProject
Project("{FAE04EC0-301F-11D3-BF4B-00C04F79EFBC}") = "UserTestingApp.BLL", "src\UserTestingApp.BLL\UserTestingApp.BLL.csproj", "{18F336F7-DD70-445D-B875-0F5588B542C3}"
EndProject
Global
	GlobalSection(SolutionConfigurationPlatforms) = preSolution
		Debug|Any CPU = Debug|Any CPU
		Release|Any CPU = Release|Any CPU
	EndGlobalSection
	GlobalSection(ProjectConfigurationPlatforms) = postSolution
		{E5E434F0-3C60-491E-8587-B31DE85D4128}.Debug|Any CPU.ActiveCfg = Debug|Any CPU
		{E5E434F0-3C60-491E-8587-B31DE85D4128}.Debug|Any CPU.Build.0 = Debug|Any CPU
		{E5E434F0-3C60-491E-8587-B31DE85D4128}.Release|Any CPU.ActiveCfg = Release|Any CPU
		{E5E434F0-3C60-491E-8587-B31DE85D4128}.Release|Any CPU.Build.0 = Release|Any CPU
		{84FC0A55-4AEB-4094-8F7E-A46988D08802}.Debug|Any CPU.ActiveCfg = Debug|Any CPU
		{84FC0A55-4AEB-4094-8F7E-A46988D08802}.Debug|Any CPU.Build.0 = Debug|Any CPU
		{84FC0A55-4AEB-4094-8F7E-A46988D08802}.Release|Any CPU.ActiveCfg = Release|Any CPU
		{84FC0A55-4AEB-4094-8F7E-A46988D08802}.Release|Any CPU.Build.0 = Release|Any CPU
		{18F336F7-DD70-445D-B875-0F5588B542C3}.Debug|Any CPU.ActiveCfg = Debug|Any CPU
		{18F336F7-DD70-445D-B875-0F5588B542C3}.Debug|Any CPU.Build.0 = Debug|Any CPU
		{18F336F7-DD70-445D-B875-0F5588B542C3}.Release|Any CPU.ActiveCfg = Release|Any CPU
		{18F336F7-DD70-445D-B875-0F5588B542C3}.Release|Any CPU.Build.0 = Release|Any CPU
	EndGlobalSection
	GlobalSection(SolutionProperties) = preSolution
		HideSolutionNode = FALSE
	EndGlobalSection
	GlobalSection(ExtensibilityGlobals) = postSolution
		SolutionGuid = {990062F4-33B9-465D-85FB-BEE14D193661}
	EndGlobalSection
EndGlobal
